
Microsoft Visual Studio Solution File, Format Version 11.00
# Visual Studio 2010
Project("{FAE04EC0-301F-11D3-BF4B-00C04F79EFBC}") = "UNBQuest", "Assembly-CSharp.csproj", "{B6F81373-5C5F-510A-D0EA-62518099DE54}"
EndProject
Project("{FAE04EC0-301F-11D3-BF4B-00C04F79EFBC}") = "UNBQuest", "Assembly-CSharp-Editor.csproj", "{7A537CF2-2BD7-5BBD-756E-82404AF09704}"
EndProject
Global
	GlobalSection(SolutionConfigurationPlatforms) = preSolution
		Debug|Any CPU = Debug|Any CPU
		Release|Any CPU = Release|Any CPU
	EndGlobalSection
	GlobalSection(ProjectConfigurationPlatforms) = postSolution
		{B6F81373-5C5F-510A-D0EA-62518099DE54}.Debug|Any CPU.ActiveCfg = Debug|Any CPU
		{B6F81373-5C5F-510A-D0EA-62518099DE54}.Debug|Any CPU.Build.0 = Debug|Any CPU
		{B6F81373-5C5F-510A-D0EA-62518099DE54}.Release|Any CPU.ActiveCfg = Release|Any CPU
		{B6F81373-5C5F-510A-D0EA-62518099DE54}.Release|Any CPU.Build.0 = Release|Any CPU
		{7A537CF2-2BD7-5BBD-756E-82404AF09704}.Debug|Any CPU.ActiveCfg = Debug|Any CPU
		{7A537CF2-2BD7-5BBD-756E-82404AF09704}.Debug|Any CPU.Build.0 = Debug|Any CPU
		{7A537CF2-2BD7-5BBD-756E-82404AF09704}.Release|Any CPU.ActiveCfg = Release|Any CPU
		{7A537CF2-2BD7-5BBD-756E-82404AF09704}.Release|Any CPU.Build.0 = Release|Any CPU
	EndGlobalSection
	GlobalSection(SolutionProperties) = preSolution
		HideSolutionNode = FALSE
	EndGlobalSection
	GlobalSection(MonoDevelopProperties) = preSolution
		StartupItem = Assembly-CSharp.csproj
	EndGlobalSection
EndGlobal
